
Microsoft Visual Studio Solution File, Format Version 12.00
# Visual Studio 15
VisualStudioVersion = 15.0.27428.2011
MinimumVisualStudioVersion = 10.0.40219.1
Project("{FAE04EC0-301F-11D3-BF4B-00C04F79EFBC}") = "PlanApp1.Android", "PlanApp1\PlanApp1.Android\PlanApp1.Android.csproj", "{A0427525-D475-4D72-9F84-92F4AE5AA8AF}"
EndProject
Project("{FAE04EC0-301F-11D3-BF4B-00C04F79EFBC}") = "PlanApp1.iOS", "PlanApp1\PlanApp1.iOS\PlanApp1.iOS.csproj", "{2A290DE7-3DB7-49F4-9D2B-AE1F78E3513F}"
EndProject
Project("{FAE04EC0-301F-11D3-BF4B-00C04F79EFBC}") = "PlanApp1.UWP", "PlanApp1\PlanApp1.UWP\PlanApp1.UWP.csproj", "{5FED0F2B-D93F-49E1-A713-3AA99794111D}"
EndProject
Project("{FAE04EC0-301F-11D3-BF4B-00C04F79EFBC}") = "PlanApp1", "PlanApp1\PlanApp1\PlanApp1.csproj", "{BE2369FC-C5B5-49F9-934F-FA43013CADE9}"
EndProject
Global
	GlobalSection(SolutionConfigurationPlatforms) = preSolution
		Ad-Hoc|Any CPU = Ad-Hoc|Any CPU
		Ad-Hoc|ARM = Ad-Hoc|ARM
		Ad-Hoc|iPhone = Ad-Hoc|iPhone
		Ad-Hoc|iPhoneSimulator = Ad-Hoc|iPhoneSimulator
		Ad-Hoc|x64 = Ad-Hoc|x64
		Ad-Hoc|x86 = Ad-Hoc|x86
		AppStore|Any CPU = AppStore|Any CPU
		AppStore|ARM = AppStore|ARM
		AppStore|iPhone = AppStore|iPhone
		AppStore|iPhoneSimulator = AppStore|iPhoneSimulator
		AppStore|x64 = AppStore|x64
		AppStore|x86 = AppStore|x86
		Debug|Any CPU = Debug|Any CPU
		Debug|ARM = Debug|ARM
		Debug|iPhone = Debug|iPhone
		Debug|iPhoneSimulator = Debug|iPhoneSimulator
		Debug|x64 = Debug|x64
		Debug|x86 = Debug|x86
		Release|Any CPU = Release|Any CPU
		Release|ARM = Release|ARM
		Release|iPhone = Release|iPhone
		Release|iPhoneSimulator = Release|iPhoneSimulator
		Release|x64 = Release|x64
		Release|x86 = Release|x86
	EndGlobalSection
	GlobalSection(ProjectConfigurationPlatforms) = postSolution
		{A0427525-D475-4D72-9F84-92F4AE5AA8AF}.Ad-Hoc|Any CPU.ActiveCfg = Release|Any CPU
		{A0427525-D475-4D72-9F84-92F4AE5AA8AF}.Ad-Hoc|Any CPU.Build.0 = Release|Any CPU
		{A0427525-D475-4D72-9F84-92F4AE5AA8AF}.Ad-Hoc|Any CPU.Deploy.0 = Release|Any CPU
		{A0427525-D475-4D72-9F84-92F4AE5AA8AF}.Ad-Hoc|ARM.ActiveCfg = Release|Any CPU
		{A0427525-D475-4D72-9F84-92F4AE5AA8AF}.Ad-Hoc|ARM.Build.0 = Release|Any CPU
		{A0427525-D475-4D72-9F84-92F4AE5AA8AF}.Ad-Hoc|ARM.Deploy.0 = Release|Any CPU
		{A0427525-D475-4D72-9F84-92F4AE5AA8AF}.Ad-Hoc|iPhone.ActiveCfg = Release|Any CPU
		{A0427525-D475-4D72-9F84-92F4AE5AA8AF}.Ad-Hoc|iPhone.Build.0 = Release|Any CPU
		{A0427525-D475-4D72-9F84-92F4AE5AA8AF}.Ad-Hoc|iPhone.Deploy.0 = Release|Any CPU
		{A0427525-D475-4D72-9F84-92F4AE5AA8AF}.Ad-Hoc|iPhoneSimulator.ActiveCfg = Release|Any CPU
		{A0427525-D475-4D72-9F84-92F4AE5AA8AF}.Ad-Hoc|iPhoneSimulator.Build.0 = Release|Any CPU
		{A0427525-D475-4D72-9F84-92F4AE5AA8AF}.Ad-Hoc|iPhoneSimulator.Deploy.0 = Release|Any CPU
		{A0427525-D475-4D72-9F84-92F4AE5AA8AF}.Ad-Hoc|x64.ActiveCfg = Release|Any CPU
		{A0427525-D475-4D72-9F84-92F4AE5AA8AF}.Ad-Hoc|x64.Build.0 = Release|Any CPU
		{A0427525-D475-4D72-9F84-92F4AE5AA8AF}.Ad-Hoc|x64.Deploy.0 = Release|Any CPU
		{A0427525-D475-4D72-9F84-92F4AE5AA8AF}.Ad-Hoc|x86.ActiveCfg = Release|Any CPU
		{A0427525-D475-4D72-9F84-92F4AE5AA8AF}.Ad-Hoc|x86.Build.0 = Release|Any CPU
		{A0427525-D475-4D72-9F84-92F4AE5AA8AF}.Ad-Hoc|x86.Deploy.0 = Release|Any CPU
		{A0427525-D475-4D72-9F84-92F4AE5AA8AF}.AppStore|Any CPU.ActiveCfg = Release|Any CPU
		{A0427525-D475-4D72-9F84-92F4AE5AA8AF}.AppStore|Any CPU.Build.0 = Release|Any CPU
		{A0427525-D475-4D72-9F84-92F4AE5AA8AF}.AppStore|Any CPU.Deploy.0 = Release|Any CPU
		{A0427525-D475-4D72-9F84-92F4AE5AA8AF}.AppStore|ARM.ActiveCfg = Release|Any CPU
		{A0427525-D475-4D72-9F84-92F4AE5AA8AF}.AppStore|ARM.Build.0 = Release|Any CPU
		{A0427525-D475-4D72-9F84-92F4AE5AA8AF}.AppStore|ARM.Deploy.0 = Release|Any CPU
		{A0427525-D475-4D72-9F84-92F4AE5AA8AF}.AppStore|iPhone.ActiveCfg = Release|Any CPU
		{A0427525-D475-4D72-9F84-92F4AE5AA8AF}.AppStore|iPhone.Build.0 = Release|Any CPU
		{A0427525-D475-4D72-9F84-92F4AE5AA8AF}.AppStore|iPhone.Deploy.0 = Release|Any CPU
		{A0427525-D475-4D72-9F84-92F4AE5AA8AF}.AppStore|iPhoneSimulator.ActiveCfg = Release|Any CPU
		{A0427525-D475-4D72-9F84-92F4AE5AA8AF}.AppStore|iPhoneSimulator.Build.0 = Release|Any CPU
		{A0427525-D475-4D72-9F84-92F4AE5AA8AF}.AppStore|iPhoneSimulator.Deploy.0 = Release|Any CPU
		{A0427525-D475-4D72-9F84-92F4AE5AA8AF}.AppStore|x64.ActiveCfg = Release|Any CPU
		{A0427525-D475-4D72-9F84-92F4AE5AA8AF}.AppStore|x64.Build.0 = Release|Any CPU
		{A0427525-D475-4D72-9F84-92F4AE5AA8AF}.AppStore|x64.Deploy.0 = Release|Any CPU
		{A0427525-D475-4D72-9F84-92F4AE5AA8AF}.AppStore|x86.ActiveCfg = Release|Any CPU
		{A0427525-D475-4D72-9F84-92F4AE5AA8AF}.AppStore|x86.Build.0 = Release|Any CPU
		{A0427525-D475-4D72-9F84-92F4AE5AA8AF}.AppStore|x86.Deploy.0 = Release|Any CPU
		{A0427525-D475-4D72-9F84-92F4AE5AA8AF}.Debug|Any CPU.ActiveCfg = Debug|Any CPU
		{A0427525-D475-4D72-9F84-92F4AE5AA8AF}.Debug|Any CPU.Build.0 = Debug|Any CPU
		{A0427525-D475-4D72-9F84-92F4AE5AA8AF}.Debug|Any CPU.Deploy.0 = Debug|Any CPU
		{A0427525-D475-4D72-9F84-92F4AE5AA8AF}.Debug|ARM.ActiveCfg = Debug|Any CPU
		{A0427525-D475-4D72-9F84-92F4AE5AA8AF}.Debug|ARM.Build.0 = Debug|Any CPU
		{A0427525-D475-4D72-9F84-92F4AE5AA8AF}.Debug|ARM.Deploy.0 = Debug|Any CPU
		{A0427525-D475-4D72-9F84-92F4AE5AA8AF}.Debug|iPhone.ActiveCfg = Debug|Any CPU
		{A0427525-D475-4D72-9F84-92F4AE5AA8AF}.Debug|iPhone.Build.0 = Debug|Any CPU
		{A0427525-D475-4D72-9F84-92F4AE5AA8AF}.Debug|iPhone.Deploy.0 = Debug|Any CPU
		{A0427525-D475-4D72-9F84-92F4AE5AA8AF}.Debug|iPhoneSimulator.ActiveCfg = Debug|Any CPU
		{A0427525-D475-4D72-9F84-92F4AE5AA8AF}.Debug|iPhoneSimulator.Build.0 = Debug|Any CPU
		{A0427525-D475-4D72-9F84-92F4AE5AA8AF}.Debug|iPhoneSimulator.Deploy.0 = Debug|Any CPU
		{A0427525-D475-4D72-9F84-92F4AE5AA8AF}.Debug|x64.ActiveCfg = Debug|Any CPU
		{A0427525-D475-4D72-9F84-92F4AE5AA8AF}.Debug|x64.Build.0 = Debug|Any CPU
		{A0427525-D475-4D72-9F84-92F4AE5AA8AF}.Debug|x64.Deploy.0 = Debug|Any CPU
		{A0427525-D475-4D72-9F84-92F4AE5AA8AF}.Debug|x86.ActiveCfg = Debug|Any CPU
		{A0427525-D475-4D72-9F84-92F4AE5AA8AF}.Debug|x86.Build.0 = Debug|Any CPU
		{A0427525-D475-4D72-9F84-92F4AE5AA8AF}.Debug|x86.Deploy.0 = Debug|Any CPU
		{A0427525-D475-4D72-9F84-92F4AE5AA8AF}.Release|Any CPU.ActiveCfg = Release|Any CPU
		{A0427525-D475-4D72-9F84-92F4AE5AA8AF}.Release|Any CPU.Build.0 = Release|Any CPU
		{A0427525-D475-4D72-9F84-92F4AE5AA8AF}.Release|Any CPU.Deploy.0 = Release|Any CPU
		{A0427525-D475-4D72-9F84-92F4AE5AA8AF}.Release|ARM.ActiveCfg = Release|Any CPU
		{A0427525-D475-4D72-9F84-92F4AE5AA8AF}.Release|ARM.Build.0 = Release|Any CPU
		{A0427525-D475-4D72-9F84-92F4AE5AA8AF}.Release|ARM.Deploy.0 = Release|Any CPU
		{A0427525-D475-4D72-9F84-92F4AE5AA8AF}.Release|iPhone.ActiveCfg = Release|Any CPU
		{A0427525-D475-4D72-9F84-92F4AE5AA8AF}.Release|iPhone.Build.0 = Release|Any CPU
		{A0427525-D475-4D72-9F84-92F4AE5AA8AF}.Release|iPhone.Deploy.0 = Release|Any CPU
		{A0427525-D475-4D72-9F84-92F4AE5AA8AF}.Release|iPhoneSimulator.ActiveCfg = Release|Any CPU
		{A0427525-D475-4D72-9F84-92F4AE5AA8AF}.Release|iPhoneSimulator.Build.0 = Release|Any CPU
		{A0427525-D475-4D72-9F84-92F4AE5AA8AF}.Release|iPhoneSimulator.Deploy.0 = Release|Any CPU
		{A0427525-D475-4D72-9F84-92F4AE5AA8AF}.Release|x64.ActiveCfg = Release|Any CPU
		{A0427525-D475-4D72-9F84-92F4AE5AA8AF}.Release|x64.Build.0 = Release|Any CPU
		{A0427525-D475-4D72-9F84-92F4AE5AA8AF}.Release|x64.Deploy.0 = Release|Any CPU
		{A0427525-D475-4D72-9F84-92F4AE5AA8AF}.Release|x86.ActiveCfg = Release|Any CPU
		{A0427525-D475-4D72-9F84-92F4AE5AA8AF}.Release|x86.Build.0 = Release|Any CPU
		{A0427525-D475-4D72-9F84-92F4AE5AA8AF}.Release|x86.Deploy.0 = Release|Any CPU
		{2A290DE7-3DB7-49F4-9D2B-AE1F78E3513F}.Ad-Hoc|Any CPU.ActiveCfg = Ad-Hoc|iPhone
		{2A290DE7-3DB7-49F4-9D2B-AE1F78E3513F}.Ad-Hoc|ARM.ActiveCfg = Ad-Hoc|iPhone
		{2A290DE7-3DB7-49F4-9D2B-AE1F78E3513F}.Ad-Hoc|iPhone.ActiveCfg = Ad-Hoc|iPhone
		{2A290DE7-3DB7-49F4-9D2B-AE1F78E3513F}.Ad-Hoc|iPhone.Build.0 = Ad-Hoc|iPhone
		{2A290DE7-3DB7-49F4-9D2B-AE1F78E3513F}.Ad-Hoc|iPhoneSimulator.ActiveCfg = Ad-Hoc|iPhoneSimulator
		{2A290DE7-3DB7-49F4-9D2B-AE1F78E3513F}.Ad-Hoc|iPhoneSimulator.Build.0 = Ad-Hoc|iPhoneSimulator
		{2A290DE7-3DB7-49F4-9D2B-AE1F78E3513F}.Ad-Hoc|x64.ActiveCfg = Ad-Hoc|iPhone
		{2A290DE7-3DB7-49F4-9D2B-AE1F78E3513F}.Ad-Hoc|x86.ActiveCfg = Ad-Hoc|iPhone
		{2A290DE7-3DB7-49F4-9D2B-AE1F78E3513F}.AppStore|Any CPU.ActiveCfg = AppStore|iPhone
		{2A290DE7-3DB7-49F4-9D2B-AE1F78E3513F}.AppStore|ARM.ActiveCfg = AppStore|iPhone
		{2A290DE7-3DB7-49F4-9D2B-AE1F78E3513F}.AppStore|iPhone.ActiveCfg = AppStore|iPhone
		{2A290DE7-3DB7-49F4-9D2B-AE1F78E3513F}.AppStore|iPhone.Build.0 = AppStore|iPhone
		{2A290DE7-3DB7-49F4-9D2B-AE1F78E3513F}.AppStore|iPhoneSimulator.ActiveCfg = AppStore|iPhoneSimulator
		{2A290DE7-3DB7-49F4-9D2B-AE1F78E3513F}.AppStore|iPhoneSimulator.Build.0 = AppStore|iPhoneSimulator
		{2A290DE7-3DB7-49F4-9D2B-AE1F78E3513F}.AppStore|x64.ActiveCfg = AppStore|iPhone
		{2A290DE7-3DB7-49F4-9D2B-AE1F78E3513F}.AppStore|x86.ActiveCfg = AppStore|iPhone
		{2A290DE7-3DB7-49F4-9D2B-AE1F78E3513F}.Debug|Any CPU.ActiveCfg = Debug|iPhone
		{2A290DE7-3DB7-49F4-9D2B-AE1F78E3513F}.Debug|ARM.ActiveCfg = Debug|iPhone
		{2A290DE7-3DB7-49F4-9D2B-AE1F78E3513F}.Debug|iPhone.ActiveCfg = Debug|iPhone
		{2A290DE7-3DB7-49F4-9D2B-AE1F78E3513F}.Debug|iPhone.Build.0 = Debug|iPhone
		{2A290DE7-3DB7-49F4-9D2B-AE1F78E3513F}.Debug|iPhoneSimulator.ActiveCfg = Debug|iPhoneSimulator
		{2A290DE7-3DB7-49F4-9D2B-AE1F78E3513F}.Debug|iPhoneSimulator.Build.0 = Debug|iPhoneSimulator
		{2A290DE7-3DB7-49F4-9D2B-AE1F78E3513F}.Debug|x64.ActiveCfg = Debug|iPhone
		{2A290DE7-3DB7-49F4-9D2B-AE1F78E3513F}.Debug|x86.ActiveCfg = Debug|iPhone
		{2A290DE7-3DB7-49F4-9D2B-AE1F78E3513F}.Release|Any CPU.ActiveCfg = Release|iPhone
		{2A290DE7-3DB7-49F4-9D2B-AE1F78E3513F}.Release|ARM.ActiveCfg = Release|iPhone
		{2A290DE7-3DB7-49F4-9D2B-AE1F78E3513F}.Release|iPhone.ActiveCfg = Release|iPhone
		{2A290DE7-3DB7-49F4-9D2B-AE1F78E3513F}.Release|iPhone.Build.0 = Release|iPhone
		{2A290DE7-3DB7-49F4-9D2B-AE1F78E3513F}.Release|iPhoneSimulator.ActiveCfg = Release|iPhoneSimulator
		{2A290DE7-3DB7-49F4-9D2B-AE1F78E3513F}.Release|iPhoneSimulator.Build.0 = Release|iPhoneSimulator
		{2A290DE7-3DB7-49F4-9D2B-AE1F78E3513F}.Release|x64.ActiveCfg = Release|iPhone
		{2A290DE7-3DB7-49F4-9D2B-AE1F78E3513F}.Release|x86.ActiveCfg = Release|iPhone
		{5FED0F2B-D93F-49E1-A713-3AA99794111D}.Ad-Hoc|Any CPU.ActiveCfg = Release|x86
		{5FED0F2B-D93F-49E1-A713-3AA99794111D}.Ad-Hoc|Any CPU.Build.0 = Release|x86
		{5FED0F2B-D93F-49E1-A713-3AA99794111D}.Ad-Hoc|Any CPU.Deploy.0 = Release|x86
		{5FED0F2B-D93F-49E1-A713-3AA99794111D}.Ad-Hoc|ARM.ActiveCfg = Release|ARM
		{5FED0F2B-D93F-49E1-A713-3AA99794111D}.Ad-Hoc|ARM.Build.0 = Release|ARM
		{5FED0F2B-D93F-49E1-A713-3AA99794111D}.Ad-Hoc|ARM.Deploy.0 = Release|ARM
		{5FED0F2B-D93F-49E1-A713-3AA99794111D}.Ad-Hoc|iPhone.ActiveCfg = Release|x86
		{5FED0F2B-D93F-49E1-A713-3AA99794111D}.Ad-Hoc|iPhone.Build.0 = Release|x86
		{5FED0F2B-D93F-49E1-A713-3AA99794111D}.Ad-Hoc|iPhone.Deploy.0 = Release|x86
		{5FED0F2B-D93F-49E1-A713-3AA99794111D}.Ad-Hoc|iPhoneSimulator.ActiveCfg = Release|x86
		{5FED0F2B-D93F-49E1-A713-3AA99794111D}.Ad-Hoc|iPhoneSimulator.Build.0 = Release|x86
		{5FED0F2B-D93F-49E1-A713-3AA99794111D}.Ad-Hoc|iPhoneSimulator.Deploy.0 = Release|x86
		{5FED0F2B-D93F-49E1-A713-3AA99794111D}.Ad-Hoc|x64.ActiveCfg = Release|x64
		{5FED0F2B-D93F-49E1-A713-3AA99794111D}.Ad-Hoc|x64.Build.0 = Release|x64
		{5FED0F2B-D93F-49E1-A713-3AA99794111D}.Ad-Hoc|x64.Deploy.0 = Release|x64
		{5FED0F2B-D93F-49E1-A713-3AA99794111D}.Ad-Hoc|x86.ActiveCfg = Release|x86
		{5FED0F2B-D93F-49E1-A713-3AA99794111D}.Ad-Hoc|x86.Build.0 = Release|x86
		{5FED0F2B-D93F-49E1-A713-3AA99794111D}.Ad-Hoc|x86.Deploy.0 = Release|x86
		{5FED0F2B-D93F-49E1-A713-3AA99794111D}.AppStore|Any CPU.ActiveCfg = Release|x86
		{5FED0F2B-D93F-49E1-A713-3AA99794111D}.AppStore|Any CPU.Build.0 = Release|x86
		{5FED0F2B-D93F-49E1-A713-3AA99794111D}.AppStore|Any CPU.Deploy.0 = Release|x86
		{5FED0F2B-D93F-49E1-A713-3AA99794111D}.AppStore|ARM.ActiveCfg = Release|ARM
		{5FED0F2B-D93F-49E1-A713-3AA99794111D}.AppStore|ARM.Build.0 = Release|ARM
		{5FED0F2B-D93F-49E1-A713-3AA99794111D}.AppStore|ARM.Deploy.0 = Release|ARM
		{5FED0F2B-D93F-49E1-A713-3AA99794111D}.AppStore|iPhone.ActiveCfg = Release|x86
		{5FED0F2B-D93F-49E1-A713-3AA99794111D}.AppStore|iPhone.Build.0 = Release|x86
		{5FED0F2B-D93F-49E1-A713-3AA99794111D}.AppStore|iPhone.Deploy.0 = Release|x86
		{5FED0F2B-D93F-49E1-A713-3AA99794111D}.AppStore|iPhoneSimulator.ActiveCfg = Release|x86
		{5FED0F2B-D93F-49E1-A713-3AA99794111D}.AppStore|iPhoneSimulator.Build.0 = Release|x86
		{5FED0F2B-D93F-49E1-A713-3AA99794111D}.AppStore|iPhoneSimulator.Deploy.0 = Release|x86
		{5FED0F2B-D93F-49E1-A713-3AA99794111D}.AppStore|x64.ActiveCfg = Release|x64
		{5FED0F2B-D93F-49E1-A713-3AA99794111D}.AppStore|x64.Build.0 = Release|x64
		{5FED0F2B-D93F-49E1-A713-3AA99794111D}.AppStore|x64.Deploy.0 = Release|x64
		{5FED0F2B-D93F-49E1-A713-3AA99794111D}.AppStore|x86.ActiveCfg = Release|x86
		{5FED0F2B-D93F-49E1-A713-3AA99794111D}.AppStore|x86.Build.0 = Release|x86
		{5FED0F2B-D93F-49E1-A713-3AA99794111D}.AppStore|x86.Deploy.0 = Release|x86
		{5FED0F2B-D93F-49E1-A713-3AA99794111D}.Debug|Any CPU.ActiveCfg = Debug|x86
		{5FED0F2B-D93F-49E1-A713-3AA99794111D}.Debug|ARM.ActiveCfg = Debug|ARM
		{5FED0F2B-D93F-49E1-A713-3AA99794111D}.Debug|ARM.Build.0 = Debug|ARM
		{5FED0F2B-D93F-49E1-A713-3AA99794111D}.Debug|ARM.Deploy.0 = Debug|ARM
		{5FED0F2B-D93F-49E1-A713-3AA99794111D}.Debug|iPhone.ActiveCfg = Debug|x86
		{5FED0F2B-D93F-49E1-A713-3AA99794111D}.Debug|iPhoneSimulator.ActiveCfg = Debug|x86
		{5FED0F2B-D93F-49E1-A713-3AA99794111D}.Debug|x64.ActiveCfg = Debug|x64
		{5FED0F2B-D93F-49E1-A713-3AA99794111D}.Debug|x64.Build.0 = Debug|x64
		{5FED0F2B-D93F-49E1-A713-3AA99794111D}.Debug|x64.Deploy.0 = Debug|x64
		{5FED0F2B-D93F-49E1-A713-3AA99794111D}.Debug|x86.ActiveCfg = Debug|x86
		{5FED0F2B-D93F-49E1-A713-3AA99794111D}.Debug|x86.Build.0 = Debug|x86
		{5FED0F2B-D93F-49E1-A713-3AA99794111D}.Debug|x86.Deploy.0 = Debug|x86
		{5FED0F2B-D93F-49E1-A713-3AA99794111D}.Release|Any CPU.ActiveCfg = Release|x86
		{5FED0F2B-D93F-49E1-A713-3AA99794111D}.Release|ARM.ActiveCfg = Release|ARM
		{5FED0F2B-D93F-49E1-A713-3AA99794111D}.Release|ARM.Build.0 = Release|ARM
		{5FED0F2B-D93F-49E1-A713-3AA99794111D}.Release|ARM.Deploy.0 = Release|ARM
		{5FED0F2B-D93F-49E1-A713-3AA99794111D}.Release|iPhone.ActiveCfg = Release|x86
		{5FED0F2B-D93F-49E1-A713-3AA99794111D}.Release|iPhoneSimulator.ActiveCfg = Release|x86
		{5FED0F2B-D93F-49E1-A713-3AA99794111D}.Release|x64.ActiveCfg = Release|x64
		{5FED0F2B-D93F-49E1-A713-3AA99794111D}.Release|x64.Build.0 = Release|x64
		{5FED0F2B-D93F-49E1-A713-3AA99794111D}.Release|x64.Deploy.0 = Release|x64
		{5FED0F2B-D93F-49E1-A713-3AA99794111D}.Release|x86.ActiveCfg = Release|x86
		{5FED0F2B-D93F-49E1-A713-3AA99794111D}.Release|x86.Build.0 = Release|x86
		{5FED0F2B-D93F-49E1-A713-3AA99794111D}.Release|x86.Deploy.0 = Release|x86
		{BE2369FC-C5B5-49F9-934F-FA43013CADE9}.Ad-Hoc|Any CPU.ActiveCfg = Debug|Any CPU
		{BE2369FC-C5B5-49F9-934F-FA43013CADE9}.Ad-Hoc|Any CPU.Build.0 = Debug|Any CPU
		{BE2369FC-C5B5-49F9-934F-FA43013CADE9}.Ad-Hoc|ARM.ActiveCfg = Debug|Any CPU
		{BE2369FC-C5B5-49F9-934F-FA43013CADE9}.Ad-Hoc|ARM.Build.0 = Debug|Any CPU
		{BE2369FC-C5B5-49F9-934F-FA43013CADE9}.Ad-Hoc|iPhone.ActiveCfg = Debug|Any CPU
		{BE2369FC-C5B5-49F9-934F-FA43013CADE9}.Ad-Hoc|iPhone.Build.0 = Debug|Any CPU
		{BE2369FC-C5B5-49F9-934F-FA43013CADE9}.Ad-Hoc|iPhoneSimulator.ActiveCfg = Debug|Any CPU
		{BE2369FC-C5B5-49F9-934F-FA43013CADE9}.Ad-Hoc|iPhoneSimulator.Build.0 = Debug|Any CPU
		{BE2369FC-C5B5-49F9-934F-FA43013CADE9}.Ad-Hoc|x64.ActiveCfg = Debug|Any CPU
		{BE2369FC-C5B5-49F9-934F-FA43013CADE9}.Ad-Hoc|x64.Build.0 = Debug|Any CPU
		{BE2369FC-C5B5-49F9-934F-FA43013CADE9}.Ad-Hoc|x86.ActiveCfg = Debug|Any CPU
		{BE2369FC-C5B5-49F9-934F-FA43013CADE9}.Ad-Hoc|x86.Build.0 = Debug|Any CPU
		{BE2369FC-C5B5-49F9-934F-FA43013CADE9}.AppStore|Any CPU.ActiveCfg = Debug|Any CPU
		{BE2369FC-C5B5-49F9-934F-FA43013CADE9}.AppStore|Any CPU.Build.0 = Debug|Any CPU
		{BE2369FC-C5B5-49F9-934F-FA43013CADE9}.AppStore|ARM.ActiveCfg = Debug|Any CPU
		{BE2369FC-C5B5-49F9-934F-FA43013CADE9}.AppStore|ARM.Build.0 = Debug|Any CPU
		{BE2369FC-C5B5-49F9-934F-FA43013CADE9}.AppStore|iPhone.ActiveCfg = Debug|Any CPU
		{BE2369FC-C5B5-49F9-934F-FA43013CADE9}.AppStore|iPhone.Build.0 = Debug|Any CPU
		{BE2369FC-C5B5-49F9-934F-FA43013CADE9}.AppStore|iPhoneSimulator.ActiveCfg = Debug|Any CPU
		{BE2369FC-C5B5-49F9-934F-FA43013CADE9}.AppStore|iPhoneSimulator.Build.0 = Debug|Any CPU
		{BE2369FC-C5B5-49F9-934F-FA43013CADE9}.AppStore|x64.ActiveCfg = Debug|Any CPU
		{BE2369FC-C5B5-49F9-934F-FA43013CADE9}.AppStore|x64.Build.0 = Debug|Any CPU
		{BE2369FC-C5B5-49F9-934F-FA43013CADE9}.AppStore|x86.ActiveCfg = Debug|Any CPU
		{BE2369FC-C5B5-49F9-934F-FA43013CADE9}.AppStore|x86.Build.0 = Debug|Any CPU
		{BE2369FC-C5B5-49F9-934F-FA43013CADE9}.Debug|Any CPU.ActiveCfg = Debug|Any CPU
		{BE2369FC-C5B5-49F9-934F-FA43013CADE9}.Debug|Any CPU.Build.0 = Debug|Any CPU
		{BE2369FC-C5B5-49F9-934F-FA43013CADE9}.Debug|ARM.ActiveCfg = Debug|Any CPU
		{BE2369FC-C5B5-49F9-934F-FA43013CADE9}.Debug|ARM.Build.0 = Debug|Any CPU
		{BE2369FC-C5B5-49F9-934F-FA43013CADE9}.Debug|iPhone.ActiveCfg = Debug|Any CPU
		{BE2369FC-C5B5-49F9-934F-FA43013CADE9}.Debug|iPhone.Build.0 = Debug|Any CPU
		{BE2369FC-C5B5-49F9-934F-FA43013CADE9}.Debug|iPhoneSimulator.ActiveCfg = Debug|Any CPU
		{BE2369FC-C5B5-49F9-934F-FA43013CADE9}.Debug|iPhoneSimulator.Build.0 = Debug|Any CPU
		{BE2369FC-C5B5-49F9-934F-FA43013CADE9}.Debug|x64.ActiveCfg = Debug|Any CPU
		{BE2369FC-C5B5-49F9-934F-FA43013CADE9}.Debug|x64.Build.0 = Debug|Any CPU
		{BE2369FC-C5B5-49F9-934F-FA43013CADE9}.Debug|x86.ActiveCfg = Debug|Any CPU
		{BE2369FC-C5B5-49F9-934F-FA43013CADE9}.Debug|x86.Build.0 = Debug|Any CPU
		{BE2369FC-C5B5-49F9-934F-FA43013CADE9}.Release|Any CPU.ActiveCfg = Release|Any CPU
		{BE2369FC-C5B5-49F9-934F-FA43013CADE9}.Release|Any CPU.Build.0 = Release|Any CPU
		{BE2369FC-C5B5-49F9-934F-FA43013CADE9}.Release|ARM.ActiveCfg = Release|Any CPU
		{BE2369FC-C5B5-49F9-934F-FA43013CADE9}.Release|ARM.Build.0 = Release|Any CPU
		{BE2369FC-C5B5-49F9-934F-FA43013CADE9}.Release|iPhone.ActiveCfg = Release|Any CPU
		{BE2369FC-C5B5-49F9-934F-FA43013CADE9}.Release|iPhone.Build.0 = Release|Any CPU
		{BE2369FC-C5B5-49F9-934F-FA43013CADE9}.Release|iPhoneSimulator.ActiveCfg = Release|Any CPU
		{BE2369FC-C5B5-49F9-934F-FA43013CADE9}.Release|iPhoneSimulator.Build.0 = Release|Any CPU
		{BE2369FC-C5B5-49F9-934F-FA43013CADE9}.Release|x64.ActiveCfg = Release|Any CPU
		{BE2369FC-C5B5-49F9-934F-FA43013CADE9}.Release|x64.Build.0 = Release|Any CPU
		{BE2369FC-C5B5-49F9-934F-FA43013CADE9}.Release|x86.ActiveCfg = Release|Any CPU
		{BE2369FC-C5B5-49F9-934F-FA43013CADE9}.Release|x86.Build.0 = Release|Any CPU
	EndGlobalSection
	GlobalSection(SolutionProperties) = preSolution
		HideSolutionNode = FALSE
	EndGlobalSection
	GlobalSection(ExtensibilityGlobals) = postSolution
		SolutionGuid = {51AA5F8B-FBC5-4A4D-8793-FB7277B6B4C6}
	EndGlobalSection
EndGlobal
